
Microsoft Visual Studio Solution File, Format Version 12.00
# Visual Studio Version 17
VisualStudioVersion = 17.0.31903.59
MinimumVisualStudioVersion = 10.0.40219.1
Project("{FAE04EC0-301F-11D3-BF4B-00C04F79EFBC}") = "API", "API\API.csproj", "{37E47109-A89D-4863-B56F-CBDCBB83A74F}"
EndProject
Project("{FAE04EC0-301F-11D3-BF4B-00C04F79EFBC}") = "Core", "Core\Core.csproj", "{3B2D5FEE-15B0-4F3C-9FDC-F6DBED1DEBE9}"
EndProject
Project("{FAE04EC0-301F-11D3-BF4B-00C04F79EFBC}") = "Infrastructure", "Infrastructure\Infrastructure.csproj", "{D85EFC45-7500-4B21-BA1B-13146423D146}"
EndProject
Global
	GlobalSection(SolutionConfigurationPlatforms) = preSolution
		Debug|Any CPU = Debug|Any CPU
		Debug|x64 = Debug|x64
		Debug|x86 = Debug|x86
		Release|Any CPU = Release|Any CPU
		Release|x64 = Release|x64
		Release|x86 = Release|x86
	EndGlobalSection
	GlobalSection(ProjectConfigurationPlatforms) = postSolution
		{37E47109-A89D-4863-B56F-CBDCBB83A74F}.Debug|Any CPU.ActiveCfg = Debug|Any CPU
		{37E47109-A89D-4863-B56F-CBDCBB83A74F}.Debug|Any CPU.Build.0 = Debug|Any CPU
		{37E47109-A89D-4863-B56F-CBDCBB83A74F}.Debug|x64.ActiveCfg = Debug|Any CPU
		{37E47109-A89D-4863-B56F-CBDCBB83A74F}.Debug|x64.Build.0 = Debug|Any CPU
		{37E47109-A89D-4863-B56F-CBDCBB83A74F}.Debug|x86.ActiveCfg = Debug|Any CPU
		{37E47109-A89D-4863-B56F-CBDCBB83A74F}.Debug|x86.Build.0 = Debug|Any CPU
		{37E47109-A89D-4863-B56F-CBDCBB83A74F}.Release|Any CPU.ActiveCfg = Release|Any CPU
		{37E47109-A89D-4863-B56F-CBDCBB83A74F}.Release|Any CPU.Build.0 = Release|Any CPU
		{37E47109-A89D-4863-B56F-CBDCBB83A74F}.Release|x64.ActiveCfg = Release|Any CPU
		{37E47109-A89D-4863-B56F-CBDCBB83A74F}.Release|x64.Build.0 = Release|Any CPU
		{37E47109-A89D-4863-B56F-CBDCBB83A74F}.Release|x86.ActiveCfg = Release|Any CPU
		{37E47109-A89D-4863-B56F-CBDCBB83A74F}.Release|x86.Build.0 = Release|Any CPU
		{3B2D5FEE-15B0-4F3C-9FDC-F6DBED1DEBE9}.Debug|Any CPU.ActiveCfg = Debug|Any CPU
		{3B2D5FEE-15B0-4F3C-9FDC-F6DBED1DEBE9}.Debug|Any CPU.Build.0 = Debug|Any CPU
		{3B2D5FEE-15B0-4F3C-9FDC-F6DBED1DEBE9}.Debug|x64.ActiveCfg = Debug|Any CPU
		{3B2D5FEE-15B0-4F3C-9FDC-F6DBED1DEBE9}.Debug|x64.Build.0 = Debug|Any CPU
		{3B2D5FEE-15B0-4F3C-9FDC-F6DBED1DEBE9}.Debug|x86.ActiveCfg = Debug|Any CPU
		{3B2D5FEE-15B0-4F3C-9FDC-F6DBED1DEBE9}.Debug|x86.Build.0 = Debug|Any CPU
		{3B2D5FEE-15B0-4F3C-9FDC-F6DBED1DEBE9}.Release|Any CPU.ActiveCfg = Release|Any CPU
		{3B2D5FEE-15B0-4F3C-9FDC-F6DBED1DEBE9}.Release|Any CPU.Build.0 = Release|Any CPU
		{3B2D5FEE-15B0-4F3C-9FDC-F6DBED1DEBE9}.Release|x64.ActiveCfg = Release|Any CPU
		{3B2D5FEE-15B0-4F3C-9FDC-F6DBED1DEBE9}.Release|x64.Build.0 = Release|Any CPU
		{3B2D5FEE-15B0-4F3C-9FDC-F6DBED1DEBE9}.Release|x86.ActiveCfg = Release|Any CPU
		{3B2D5FEE-15B0-4F3C-9FDC-F6DBED1DEBE9}.Release|x86.Build.0 = Release|Any CPU
		{D85EFC45-7500-4B21-BA1B-13146423D146}.Debug|Any CPU.ActiveCfg = Debug|Any CPU
		{D85EFC45-7500-4B21-BA1B-13146423D146}.Debug|Any CPU.Build.0 = Debug|Any CPU
		{D85EFC45-7500-4B21-BA1B-13146423D146}.Debug|x64.ActiveCfg = Debug|Any CPU
		{D85EFC45-7500-4B21-BA1B-13146423D146}.Debug|x64.Build.0 = Debug|Any CPU
		{D85EFC45-7500-4B21-BA1B-13146423D146}.Debug|x86.ActiveCfg = Debug|Any CPU
		{D85EFC45-7500-4B21-BA1B-13146423D146}.Debug|x86.Build.0 = Debug|Any CPU
		{D85EFC45-7500-4B21-BA1B-13146423D146}.Release|Any CPU.ActiveCfg = Release|Any CPU
		{D85EFC45-7500-4B21-BA1B-13146423D146}.Release|Any CPU.Build.0 = Release|Any CPU
		{D85EFC45-7500-4B21-BA1B-13146423D146}.Release|x64.ActiveCfg = Release|Any CPU
		{D85EFC45-7500-4B21-BA1B-13146423D146}.Release|x64.Build.0 = Release|Any CPU
		{D85EFC45-7500-4B21-BA1B-13146423D146}.Release|x86.ActiveCfg = Release|Any CPU
		{D85EFC45-7500-4B21-BA1B-13146423D146}.Release|x86.Build.0 = Release|Any CPU
	EndGlobalSection
	GlobalSection(SolutionProperties) = preSolution
		HideSolutionNode = FALSE
	EndGlobalSection
EndGlobal
